
Microsoft Visual Studio Solution File, Format Version 12.00
# Visual Studio Version 17
VisualStudioVersion = 17.7.34202.233
MinimumVisualStudioVersion = 10.0.40219.1
Project("{FAE04EC0-301F-11D3-BF4B-00C04F79EFBC}") = "Just Nom", "Just Nom\Just Nom.csproj", "{B7D47B1C-FC08-43A4-BC23-B70325C3DE32}"
EndProject
Global
	GlobalSection(SolutionConfigurationPlatforms) = preSolution
		Debug|Any CPU = Debug|Any CPU
		Release|Any CPU = Release|Any CPU
	EndGlobalSection
	GlobalSection(ProjectConfigurationPlatforms) = postSolution
		{B7D47B1C-FC08-43A4-BC23-B70325C3DE32}.Debug|Any CPU.ActiveCfg = Debug|Any CPU
		{B7D47B1C-FC08-43A4-BC23-B70325C3DE32}.Debug|Any CPU.Build.0 = Debug|Any CPU
		{B7D47B1C-FC08-43A4-BC23-B70325C3DE32}.Release|Any CPU.ActiveCfg = Release|Any CPU
		{B7D47B1C-FC08-43A4-BC23-B70325C3DE32}.Release|Any CPU.Build.0 = Release|Any CPU
	EndGlobalSection
	GlobalSection(SolutionProperties) = preSolution
		HideSolutionNode = FALSE
	EndGlobalSection
	GlobalSection(ExtensibilityGlobals) = postSolution
		SolutionGuid = {4CA727F1-9CBD-4703-867D-DCB16D196370}
	EndGlobalSection
EndGlobal
